
Microsoft Visual Studio Solution File, Format Version 12.00
Project("{FAE04EC0-301F-11D3-BF4B-00C04F79EFBC}") = "HR.LeaveManagement.Domain", "src\Core\HR.LeaveManagement.Domain\HR.LeaveManagement.Domain.csproj", "{2944FE72-8C9D-4CDC-B44B-97FEECD55ED0}"
EndProject
Project("{FAE04EC0-301F-11D3-BF4B-00C04F79EFBC}") = "HR.LeaveManagement.Application", "src\Core\HR.LeaveManagement.Application\HR.LeaveManagement.Application.csproj", "{1903984B-2DEC-4D93-8F96-A4672AED6464}"
EndProject
Project("{FAE04EC0-301F-11D3-BF4B-00C04F79EFBC}") = "HR.LeaveManagement.Persistence", "src\Infrastructure\HR.LeaveManagement.Persistence\HR.LeaveManagement.Persistence.csproj", "{FA59140B-00D8-462B-A5B8-DD4D322434CD}"
EndProject
Project("{FAE04EC0-301F-11D3-BF4B-00C04F79EFBC}") = "HR.LeaveManagement.Infrastructure", "src\Infrastructure\HR.LeaveManagement.Infrastructure\HR.LeaveManagement.Infrastructure.csproj", "{DB09CD61-30C3-4756-AF61-A9420E115ED4}"
EndProject
Project("{FAE04EC0-301F-11D3-BF4B-00C04F79EFBC}") = "HR.LeaveManagement.Api", "src\API\HR.LeaveManagement.Api\HR.LeaveManagement.Api.csproj", "{ED9A7F8D-F025-4452-8411-E9D2F7F31FBA}"
EndProject
Project("{FAE04EC0-301F-11D3-BF4B-00C04F79EFBC}") = "HR.LeaveManagement.Identity", "src\Infrastructure\HR.LeaveManagement.Identity\HR.LeaveManagement.Identity.csproj", "{06E5B3BA-3EC2-4200-AFAD-A89C412B80FC}"
EndProject
Project("{FAE04EC0-301F-11D3-BF4B-00C04F79EFBC}") = "HR.LeaveManagement.Application.UnitTests", "test\HR.LeaveManagement.Application.UnitTests\HR.LeaveManagement.Application.UnitTests.csproj", "{658F5B45-F7C2-41D7-B130-F95F7BB9A93D}"
EndProject
Global
	GlobalSection(SolutionConfigurationPlatforms) = preSolution
		Debug|Any CPU = Debug|Any CPU
		Release|Any CPU = Release|Any CPU
	EndGlobalSection
	GlobalSection(ProjectConfigurationPlatforms) = postSolution
		{2944FE72-8C9D-4CDC-B44B-97FEECD55ED0}.Debug|Any CPU.ActiveCfg = Debug|Any CPU
		{2944FE72-8C9D-4CDC-B44B-97FEECD55ED0}.Debug|Any CPU.Build.0 = Debug|Any CPU
		{2944FE72-8C9D-4CDC-B44B-97FEECD55ED0}.Release|Any CPU.ActiveCfg = Release|Any CPU
		{2944FE72-8C9D-4CDC-B44B-97FEECD55ED0}.Release|Any CPU.Build.0 = Release|Any CPU
		{1903984B-2DEC-4D93-8F96-A4672AED6464}.Debug|Any CPU.ActiveCfg = Debug|Any CPU
		{1903984B-2DEC-4D93-8F96-A4672AED6464}.Debug|Any CPU.Build.0 = Debug|Any CPU
		{1903984B-2DEC-4D93-8F96-A4672AED6464}.Release|Any CPU.ActiveCfg = Release|Any CPU
		{1903984B-2DEC-4D93-8F96-A4672AED6464}.Release|Any CPU.Build.0 = Release|Any CPU
		{FA59140B-00D8-462B-A5B8-DD4D322434CD}.Debug|Any CPU.ActiveCfg = Debug|Any CPU
		{FA59140B-00D8-462B-A5B8-DD4D322434CD}.Debug|Any CPU.Build.0 = Debug|Any CPU
		{FA59140B-00D8-462B-A5B8-DD4D322434CD}.Release|Any CPU.ActiveCfg = Release|Any CPU
		{FA59140B-00D8-462B-A5B8-DD4D322434CD}.Release|Any CPU.Build.0 = Release|Any CPU
		{DB09CD61-30C3-4756-AF61-A9420E115ED4}.Debug|Any CPU.ActiveCfg = Debug|Any CPU
		{DB09CD61-30C3-4756-AF61-A9420E115ED4}.Debug|Any CPU.Build.0 = Debug|Any CPU
		{DB09CD61-30C3-4756-AF61-A9420E115ED4}.Release|Any CPU.ActiveCfg = Release|Any CPU
		{DB09CD61-30C3-4756-AF61-A9420E115ED4}.Release|Any CPU.Build.0 = Release|Any CPU
		{ED9A7F8D-F025-4452-8411-E9D2F7F31FBA}.Debug|Any CPU.ActiveCfg = Debug|Any CPU
		{ED9A7F8D-F025-4452-8411-E9D2F7F31FBA}.Debug|Any CPU.Build.0 = Debug|Any CPU
		{ED9A7F8D-F025-4452-8411-E9D2F7F31FBA}.Release|Any CPU.ActiveCfg = Release|Any CPU
		{ED9A7F8D-F025-4452-8411-E9D2F7F31FBA}.Release|Any CPU.Build.0 = Release|Any CPU
		{06E5B3BA-3EC2-4200-AFAD-A89C412B80FC}.Debug|Any CPU.ActiveCfg = Debug|Any CPU
		{06E5B3BA-3EC2-4200-AFAD-A89C412B80FC}.Debug|Any CPU.Build.0 = Debug|Any CPU
		{06E5B3BA-3EC2-4200-AFAD-A89C412B80FC}.Release|Any CPU.ActiveCfg = Release|Any CPU
		{06E5B3BA-3EC2-4200-AFAD-A89C412B80FC}.Release|Any CPU.Build.0 = Release|Any CPU
		{658F5B45-F7C2-41D7-B130-F95F7BB9A93D}.Debug|Any CPU.ActiveCfg = Debug|Any CPU
		{658F5B45-F7C2-41D7-B130-F95F7BB9A93D}.Debug|Any CPU.Build.0 = Debug|Any CPU
		{658F5B45-F7C2-41D7-B130-F95F7BB9A93D}.Release|Any CPU.ActiveCfg = Release|Any CPU
		{658F5B45-F7C2-41D7-B130-F95F7BB9A93D}.Release|Any CPU.Build.0 = Release|Any CPU
	EndGlobalSection
EndGlobal
